lockfileVersion: '9.0'

settings:
  autoInstallPeers: true
  excludeLinksFromLockfile: false

importers:

  .:
    dependencies:
      '@fullcalendar/core':
        specifier: ^6.1.20
        version: 6.1.20
      '@fullcalendar/daygrid':
        specifier: ^6.1.20
        version: 6.1.20(@fullcalendar/core@6.1.20)
      '@fullcalendar/interaction':
        specifier: ^6.1.20
        version: 6.1.20(@fullcalendar/core@6.1.20)
      '@fullcalendar/list':
        specifier: ^6.1.20
        version: 6.1.20(@fullcalendar/core@6.1.20)
      '@fullcalendar/react':
        specifier: ^6.1.20
        version: 6.1.20(@fullcalendar/core@6.1.20)(react-dom@19.2.3(react@19.2.3))(react@19.2.3)
      '@fullcalendar/timegrid':
        specifier: ^6.1.20
        version: 6.1.20(@fullcalendar/core@6.1.20)
      react:
        specifier: 19.2.3
        version: 19.2.3
      react-dom:
        specifier: 19.2.3
        version: 19.2.3(react@19.2.3)

packages:

  '@fullcalendar/core@6.1.20':
    resolution: {integrity: sha512-1cukXLlePFiJ8YKXn/4tMKsy0etxYLCkXk8nUCFi11nRONF2Ba2CD5b21/ovtOO2tL6afTJfwmc1ed3HG7eB1g==}

  '@fullcalendar/daygrid@6.1.20':
    resolution: {integrity: sha512-AO9vqhkLP77EesmJzuU+IGXgxNulsA8mgQHynclJ8U70vSwAVnbcLG9qftiTAFSlZjiY/NvhE7sflve6cJelyQ==}
    peerDependencies:
      '@fullcalendar/core': ~6.1.20

  '@fullcalendar/interaction@6.1.20':
    resolution: {integrity: sha512-p6txmc5txL0bMiPaJxe2ip6o0T384TyoD2KGdsU6UjZ5yoBlaY+dg7kxfnYKpYMzEJLG58n+URrHr2PgNL2fyA==}
    peerDependencies:
      '@fullcalendar/core': ~6.1.20

  '@fullcalendar/list@6.1.20':
    resolution: {integrity: sha512-7Hzkbb7uuSqrXwTyD0Ld/7SwWNxPD6SlU548vtkIpH55rZ4qquwtwYdMPgorHos5OynHA4OUrZNcH51CjrCf2g==}
    peerDependencies:
      '@fullcalendar/core': ~6.1.20

  '@fullcalendar/react@6.1.20':
    resolution: {integrity: sha512-1w0pZtceaUdfAnxMSCGHCQalhi+mR1jOe76sXzyAXpcPz/Lf0zHSdcGK/U2XpZlnQgQtBZW+d+QBnnzVQKCxAA==}
    peerDependencies:
      '@fullcalendar/core': ~6.1.20
      react: ^16.7.0 || ^17 || ^18 || ^19
      react-dom: ^16.7.0 || ^17 || ^18 || ^19

  '@fullcalendar/timegrid@6.1.20':
    resolution: {integrity: sha512-4H+/MWbz3ntA50lrPif+7TsvMeX3R1GSYjiLULz0+zEJ7/Yfd9pupZmAwUs/PBpA6aAcFmeRr0laWfcz1a9V1A==}
    peerDependencies:
      '@fullcalendar/core': ~6.1.20

  preact@10.12.1:
    resolution: {integrity: sha512-l8386ixSsBdbreOAkqtrwqHwdvR35ID8c3rKPa8lCWuO86dBi32QWHV4vfsZK1utLLFMvw+Z5Ad4XLkZzchscg==}

  react-dom@19.2.3:
    resolution: {integrity: sha512-yELu4WmLPw5Mr/lmeEpox5rw3RETacE++JgHqQzd2dg+YbJuat3jH4ingc+WPZhxaoFzdv9y33G+F7Nl5O0GBg==}
    peerDependencies:
      react: ^19.2.3

  react@19.2.3:
    resolution: {integrity: sha512-Ku/hhYbVjOQnXDZFv2+RibmLFGwFdeeKHFcOTlrt7xplBnya5OGn/hIRDsqDiSUcfORsDC7MPxwork8jBwsIWA==}
    engines: {node: '>=0.10.0'}

  scheduler@0.27.0:
    resolution: {integrity: sha512-eNv+WrVbKu1f3vbYJT/xtiF5syA5HPIMtf9IgY/nKg0sWqzAUEvqY/xm7OcZc/qafLx/iO9FgOmeSAp4v5ti/Q==}

snapshots:

  '@fullcalendar/core@6.1.20':
    dependencies:
      preact: 10.12.1

  '@fullcalendar/daygrid@6.1.20(@fullcalendar/core@6.1.20)':
    dependencies:
      '@fullcalendar/core': 6.1.20

  '@fullcalendar/interaction@6.1.20(@fullcalendar/core@6.1.20)':
    dependencies:
      '@fullcalendar/core': 6.1.20

  '@fullcalendar/list@6.1.20(@fullcalendar/core@6.1.20)':
    dependencies:
      '@fullcalendar/core': 6.1.20

  '@fullcalendar/react@6.1.20(@fullcalendar/core@6.1.20)(react-dom@19.2.3(react@19.2.3))(react@19.2.3)':
    dependencies:
      '@fullcalendar/core': 6.1.20
      react: 19.2.3
      react-dom: 19.2.3(react@19.2.3)

  '@fullcalendar/timegrid@6.1.20(@fullcalendar/core@6.1.20)':
    dependencies:
      '@fullcalendar/core': 6.1.20
      '@fullcalendar/daygrid': 6.1.20(@fullcalendar/core@6.1.20)

  preact@10.12.1: {}

  react-dom@19.2.3(react@19.2.3):
    dependencies:
      react: 19.2.3
      scheduler: 0.27.0

  react@19.2.3: {}

  scheduler@0.27.0: {}
